
Microsoft Visual Studio Solution File, Format Version 12.00
# Visual Studio Version 16
VisualStudioVersion = 16.0.29709.97
MinimumVisualStudioVersion = 10.0.40219.1
Project("{9A19103F-16F7-4668-BE54-9A1E7A4F7556}") = "AuthServer", "AuthServer\AuthServer.csproj", "{BC416BFE-79DD-4BEC-BC02-E4B00E45FEDA}"
EndProject
Project("{9A19103F-16F7-4668-BE54-9A1E7A4F7556}") = "ProtectedApi", "ProtectedApi\ProtectedApi.csproj", "{C3376AFD-3E5F-44CB-B67D-F88036FB6F51}"
EndProject
Project("{9A19103F-16F7-4668-BE54-9A1E7A4F7556}") = "Migrator", "Migrator\Migrator.csproj", "{A519FFBF-C296-4BA4-8332-26AE2665F207}"
EndProject
Global
	GlobalSection(SolutionConfigurationPlatforms) = preSolution
		Debug|Any CPU = Debug|Any CPU
		Release|Any CPU = Release|Any CPU
	EndGlobalSection
	GlobalSection(ProjectConfigurationPlatforms) = postSolution
		{BC416BFE-79DD-4BEC-BC02-E4B00E45FEDA}.Debug|Any CPU.ActiveCfg = Debug|Any CPU
		{BC416BFE-79DD-4BEC-BC02-E4B00E45FEDA}.Debug|Any CPU.Build.0 = Debug|Any CPU
		{BC416BFE-79DD-4BEC-BC02-E4B00E45FEDA}.Release|Any CPU.ActiveCfg = Release|Any CPU
		{BC416BFE-79DD-4BEC-BC02-E4B00E45FEDA}.Release|Any CPU.Build.0 = Release|Any CPU
		{C3376AFD-3E5F-44CB-B67D-F88036FB6F51}.Debug|Any CPU.ActiveCfg = Debug|Any CPU
		{C3376AFD-3E5F-44CB-B67D-F88036FB6F51}.Debug|Any CPU.Build.0 = Debug|Any CPU
		{C3376AFD-3E5F-44CB-B67D-F88036FB6F51}.Release|Any CPU.ActiveCfg = Release|Any CPU
		{C3376AFD-3E5F-44CB-B67D-F88036FB6F51}.Release|Any CPU.Build.0 = Release|Any CPU
		{A519FFBF-C296-4BA4-8332-26AE2665F207}.Debug|Any CPU.ActiveCfg = Debug|Any CPU
		{A519FFBF-C296-4BA4-8332-26AE2665F207}.Debug|Any CPU.Build.0 = Debug|Any CPU
		{A519FFBF-C296-4BA4-8332-26AE2665F207}.Release|Any CPU.ActiveCfg = Release|Any CPU
		{A519FFBF-C296-4BA4-8332-26AE2665F207}.Release|Any CPU.Build.0 = Release|Any CPU
	EndGlobalSection
	GlobalSection(SolutionProperties) = preSolution
		HideSolutionNode = FALSE
	EndGlobalSection
	GlobalSection(ExtensibilityGlobals) = postSolution
		SolutionGuid = {E78314B5-C489-4D8D-9F79-BDB7911AACCD}
	EndGlobalSection
EndGlobal
